
Microsoft Visual Studio Solution File, Format Version 12.00
# Visual Studio Version 16
VisualStudioVersion = 16.0.32630.194
MinimumVisualStudioVersion = 10.0.40219.1
Project("{FAE04EC0-301F-11D3-BF4B-00C04F79EFBC}") = "Parcial II _ Grupo 5", "Parcial II _ Grupo 5\Parcial II _ Grupo 5.csproj", "{7EEA61EE-5680-40F7-A310-0638E86C4BCB}"
EndProject
Global
	GlobalSection(SolutionConfigurationPlatforms) = preSolution
		Debug|Any CPU = Debug|Any CPU
		Release|Any CPU = Release|Any CPU
	EndGlobalSection
	GlobalSection(ProjectConfigurationPlatforms) = postSolution
		{7EEA61EE-5680-40F7-A310-0638E86C4BCB}.Debug|Any CPU.ActiveCfg = Debug|Any CPU
		{7EEA61EE-5680-40F7-A310-0638E86C4BCB}.Debug|Any CPU.Build.0 = Debug|Any CPU
		{7EEA61EE-5680-40F7-A310-0638E86C4BCB}.Release|Any CPU.ActiveCfg = Release|Any CPU
		{7EEA61EE-5680-40F7-A310-0638E86C4BCB}.Release|Any CPU.Build.0 = Release|Any CPU
	EndGlobalSection
	GlobalSection(SolutionProperties) = preSolution
		HideSolutionNode = FALSE
	EndGlobalSection
	GlobalSection(ExtensibilityGlobals) = postSolution
		SolutionGuid = {505F3BE5-A248-410A-904A-A65D3FF98CB1}
	EndGlobalSection
EndGlobal
